// !$*UTF8*$!
{
	archiveVersion = 1;
	classes = {
	};
	objectVersion = 56;
	objects = {

/* Begin PBXBuildFile section */
		FA23E10E29E1A8BF008D5C3D /* TransactionList.swift in Sources */ = {isa = PBXBuildFile; fileRef = FA23E10D29E1A8BF008D5C3D /* TransactionList.swift */; };
		FA6C606D29DF775A003D846B /* ExpenseTrackerApp.swift in Sources */ = {isa = PBXBuildFile; fileRef = FA6C606C29DF775A003D846B /* ExpenseTrackerApp.swift */; };
		FA6C606F29DF775A003D846B /* ContentView.swift in Sources */ = {isa = PBXBuildFile; fileRef = FA6C606E29DF775A003D846B /* ContentView.swift */; };
		FA6C607129DF775B003D846B /* Assets.xcassets in Resources */ = {isa = PBXBuildFile; fileRef = FA6C607029DF775B003D846B /* Assets.xcassets */; };
		FA6C607529DF775B003D846B /* Preview Assets.xcassets in Resources */ = {isa = PBXBuildFile; fileRef = FA6C607429DF775B003D846B /* Preview Assets.xcassets */; };
		FA6C607E29E0505D003D846B /* Extensions.swift in Sources */ = {isa = PBXBuildFile; fileRef = FA6C607D29E0505D003D846B /* Extensions.swift */; };
		FA6C608029E062C6003D846B /* TransactionModel.swift in Sources */ = {isa = PBXBuildFile; fileRef = FA6C607F29E062C6003D846B /* TransactionModel.swift */; };
		FA6C608229E063DC003D846B /* PreviewData.swift in Sources */ = {isa = PBXBuildFile; fileRef = FA6C608129E063DC003D846B /* PreviewData.swift */; };
		FA6C608429E06498003D846B /* TransactionRow.swift in Sources */ = {isa = PBXBuildFile; fileRef = FA6C608329E06498003D846B /* TransactionRow.swift */; };
		FA6C608729E099B7003D846B /* SwiftUIFontIcon in Frameworks */ = {isa = PBXBuildFile; productRef = FA6C608629E099B7003D846B /* SwiftUIFontIcon */; };
		FA6C608929E09AED003D846B /* TransactionListViewModel.swift in Sources */ = {isa = PBXBuildFile; fileRef = FA6C608829E09AED003D846B /* TransactionListViewModel.swift */; };
		FA6C608B29E0A21C003D846B /* RecentTransactionList.swift in Sources */ = {isa = PBXBuildFile; fileRef = FA6C608A29E0A21C003D846B /* RecentTransactionList.swift */; };
		FAF88CC329E1BB5B004597D4 /* Collections in Frameworks */ = {isa = PBXBuildFile; productRef = FAF88CC229E1BB5B004597D4 /* Collections */; };
		FAF88CC629E1BDA8004597D4 /* SwiftUICharts in Frameworks */ = {isa = PBXBuildFile; productRef = FAF88CC529E1BDA8004597D4 /* SwiftUICharts */; };
/* End PBXBuildFile section */

/* Begin PBXFileReference section */
		FA23E10D29E1A8BF008D5C3D /* TransactionList.swift */ = {isa = PBXFileReference; lastKnownFileType = sourcecode.swift; path = TransactionList.swift; sourceTree = "<group>"; };
		FA6C606929DF775A003D846B /* ExpenseTracker.app */ = {isa = PBXFileReference; explicitFileType = wrapper.application; includeInIndex = 0; path = ExpenseTracker.app; sourceTree = BUILT_PRODUCTS_DIR; };
		FA6C606C29DF775A003D846B /* ExpenseTrackerApp.swift */ = {isa = PBXFileReference; lastKnownFileType = sourcecode.swift; path = ExpenseTrackerApp.swift; sourceTree = "<group>"; };
		FA6C606E29DF775A003D846B /* ContentView.swift */ = {isa = PBXFileReference; lastKnownFileType = sourcecode.swift; path = ContentView.swift; sourceTree = "<group>"; };
		FA6C607029DF775B003D846B /* Assets.xcassets */ = {isa = PBXFileReference; lastKnownFileType = folder.assetcatalog; path = Assets.xcassets; sourceTree = "<group>"; };
		FA6C607229DF775B003D846B /* ExpenseTracker.entitlements */ = {isa = PBXFileReference; lastKnownFileType = text.plist.entitlements; path = ExpenseTracker.entitlements; sourceTree = "<group>"; };
		FA6C607429DF775B003D846B /* Preview Assets.xcassets */ = {isa = PBXFileReference; lastKnownFileType = folder.assetcatalog; path = "Preview Assets.xcassets"; sourceTree = "<group>"; };
		FA6C607D29E0505D003D846B /* Extensions.swift */ = {isa = PBXFileReference; lastKnownFileType = sourcecode.swift; path = Extensions.swift; sourceTree = "<group>"; };
		FA6C607F29E062C6003D846B /* TransactionModel.swift */ = {isa = PBXFileReference; lastKnownFileType = sourcecode.swift; path = TransactionModel.swift; sourceTree = "<group>"; };
		FA6C608129E063DC003D846B /* PreviewData.swift */ = {isa = PBXFileReference; lastKnownFileType = sourcecode.swift; path = PreviewData.swift; sourceTree = "<group>"; };
		FA6C608329E06498003D846B /* TransactionRow.swift */ = {isa = PBXFileReference; lastKnownFileType = sourcecode.swift; path = TransactionRow.swift; sourceTree = "<group>"; };
		FA6C608829E09AED003D846B /* TransactionListViewModel.swift */ = {isa = PBXFileReference; lastKnownFileType = sourcecode.swift; path = TransactionListViewModel.swift; sourceTree = "<group>"; };
		FA6C608A29E0A21C003D846B /* RecentTransactionList.swift */ = {isa = PBXFileReference; lastKnownFileType = sourcecode.swift; path = RecentTransactionList.swift; sourceTree = "<group>"; };
/* End PBXFileReference section */

/* Begin PBXFrameworksBuildPhase section */
		FA6C606629DF775A003D846B /* Frameworks */ = {
			isa = PBXFrameworksBuildPhase;
			buildActionMask = 2147483647;
			files = (
				FAF88CC629E1BDA8004597D4 /* SwiftUICharts in Frameworks */,
				FAF88CC329E1BB5B004597D4 /* Collections in Frameworks */,
				FA6C608729E099B7003D846B /* SwiftUIFontIcon in Frameworks */,
			);
			runOnlyForDeploymentPostprocessing = 0;
		};
/* End PBXFrameworksBuildPhase section */

/* Begin PBXGroup section */
		FA6C606029DF7759003D846B = {
			isa = PBXGroup;
			children = (
				FA6C606B29DF775A003D846B /* ExpenseTracker */,
				FA6C606A29DF775A003D846B /* Products */,
			);
			sourceTree = "<group>";
		};
		FA6C606A29DF775A003D846B /* Products */ = {
			isa = PBXGroup;
			children = (
				FA6C606929DF775A003D846B /* ExpenseTracker.app */,
			);
			name = Products;
			sourceTree = "<group>";
		};
		FA6C606B29DF775A003D846B /* ExpenseTracker */ = {
			isa = PBXGroup;
			children = (
				FA6C606C29DF775A003D846B /* ExpenseTrackerApp.swift */,
				FA6C606E29DF775A003D846B /* ContentView.swift */,
				FA6C608A29E0A21C003D846B /* RecentTransactionList.swift */,
				FA23E10D29E1A8BF008D5C3D /* TransactionList.swift */,
				FA6C608329E06498003D846B /* TransactionRow.swift */,
				FA6C608829E09AED003D846B /* TransactionListViewModel.swift */,
				FA6C607F29E062C6003D846B /* TransactionModel.swift */,
				FA6C607D29E0505D003D846B /* Extensions.swift */,
				FA6C607029DF775B003D846B /* Assets.xcassets */,
				FA6C607229DF775B003D846B /* ExpenseTracker.entitlements */,
				FA6C607329DF775B003D846B /* Preview Content */,
			);
			path = ExpenseTracker;
			sourceTree = "<group>";
		};
		FA6C607329DF775B003D846B /* Preview Content */ = {
			isa = PBXGroup;
			children = (
				FA6C607429DF775B003D846B /* Preview Assets.xcassets */,
				FA6C608129E063DC003D846B /* PreviewData.swift */,
			);
			path = "Preview Content";
			sourceTree = "<group>";
		};
/* End PBXGroup section */

/* Begin PBXNativeTarget section */
		FA6C606829DF775A003D846B /* ExpenseTracker */ = {
			isa = PBXNativeTarget;
			buildConfigurationList = FA6C607829DF775B003D846B /* Build configuration list for PBXNativeTarget "ExpenseTracker" */;
			buildPhases = (
				FA6C606529DF775A003D846B /* Sources */,
				FA6C606629DF775A003D846B /* Frameworks */,
				FA6C606729DF775A003D846B /* Resources */,
			);
			buildRules = (
			);
			dependencies = (
			);
			name = ExpenseTracker;
			packageProductDependencies = (
				FA6C608629E099B7003D846B /* SwiftUIFontIcon */,
				FAF88CC229E1BB5B004597D4 /* Collections */,
				FAF88CC529E1BDA8004597D4 /* SwiftUICharts */,
			);
			productName = ExpenseTracker;
			productReference = FA6C606929DF775A003D846B /* ExpenseTracker.app */;
			productType = "com.apple.product-type.application";
		};
/* End PBXNativeTarget section */

/* Begin PBXProject section */
		FA6C606129DF7759003D846B /* Project object */ = {
			isa = PBXProject;
			attributes = {
				BuildIndependentTargetsInParallel = 1;
				LastSwiftUpdateCheck = 1430;
				LastUpgradeCheck = 1430;
				TargetAttributes = {
					FA6C606829DF775A003D846B = {
						CreatedOnToolsVersion = 14.3;
					};
				};
			};
			buildConfigurationList = FA6C606429DF7759003D846B /* Build configuration list for PBXProject "ExpenseTracker" */;
			compatibilityVersion = "Xcode 14.0";
			developmentRegion = en;
			hasScannedForEncodings = 0;
			knownRegions = (
				en,
				Base,
			);
			mainGroup = FA6C606029DF7759003D846B;
			packageReferences = (
				FA6C608529E099B7003D846B /* XCRemoteSwiftPackageReference "SwiftUIFontIcon" */,
				FAF88CC129E1BB5B004597D4 /* XCRemoteSwiftPackageReference "swift-collections" */,
				FAF88CC429E1BDA8004597D4 /* XCRemoteSwiftPackageReference "ChartView" */,
			);
			productRefGroup = FA6C606A29DF775A003D846B /* Products */;
			projectDirPath = "";
			projectRoot = "";
			targets = (
				FA6C606829DF775A003D846B /* ExpenseTracker */,
			);
		};
/* End PBXProject section */

/* Begin PBXResourcesBuildPhase section */
		FA6C606729DF775A003D846B /* Resources */ = {
			isa = PBXResourcesBuildPhase;
			buildActionMask = 2147483647;
			files = (
				FA6C607529DF775B003D846B /* Preview Assets.xcassets in Resources */,
				FA6C607129DF775B003D846B /* Assets.xcassets in Resources */,
			);
			runOnlyForDeploymentPostprocessing = 0;
		};
/* End PBXResourcesBuildPhase section */

/* Begin PBXSourcesBuildPhase section */
		FA6C606529DF775A003D846B /* Sources */ = {
			isa = PBXSourcesBuildPhase;
			buildActionMask = 2147483647;
			files = (
				FA6C608229E063DC003D846B /* PreviewData.swift in Sources */,
				FA23E10E29E1A8BF008D5C3D /* TransactionList.swift in Sources */,
				FA6C608B29E0A21C003D846B /* RecentTransactionList.swift in Sources */,
				FA6C608029E062C6003D846B /* TransactionModel.swift in Sources */,
				FA6C606F29DF775A003D846B /* ContentView.swift in Sources */,
				FA6C608429E06498003D846B /* TransactionRow.swift in Sources */,
				FA6C606D29DF775A003D846B /* ExpenseTrackerApp.swift in Sources */,
				FA6C608929E09AED003D846B /* TransactionListViewModel.swift in Sources */,
				FA6C607E29E0505D003D846B /* Extensions.swift in Sources */,
			);
			runOnlyForDeploymentPostprocessing = 0;
		};
/* End PBXSourcesBuildPhase section */

/* Begin XCBuildConfiguration section */
		FA6C607629DF775B003D846B /* Debug */ = {
			isa = XCBuildConfiguration;
			buildSettings = {
				ALWAYS_SEARCH_USER_PATHS = NO;
				CLANG_ANALYZER_NONNULL = YES;
				CLANG_ANALYZER_NUMBER_OBJECT_CONVERSION = YES_AGGRESSIVE;
				CLANG_CXX_LANGUAGE_STANDARD = "gnu++20";
				CLANG_ENABLE_MODULES = YES;
				CLANG_ENABLE_OBJC_ARC = YES;
				CLANG_ENABLE_OBJC_WEAK = YES;
				CLANG_WARN_BLOCK_CAPTURE_AUTORELEASING = YES;
				CLANG_WARN_BOOL_CONVERSION = YES;
				CLANG_WARN_COMMA = YES;
				CLANG_WARN_CONSTANT_CONVERSION = YES;
				CLANG_WARN_DEPRECATED_OBJC_IMPLEMENTATIONS = YES;
				CLANG_WARN_DIRECT_OBJC_ISA_USAGE = YES_ERROR;
				CLANG_WARN_DOCUMENTATION_COMMENTS = YES;
				CLANG_WARN_EMPTY_BODY = YES;
				CLANG_WARN_ENUM_CONVERSION = YES;
				CLANG_WARN_INFINITE_RECURSION = YES;
				CLANG_WARN_INT_CONVERSION = YES;
				CLANG_WARN_NON_LITERAL_NULL_CONVERSION = YES;
				CLANG_WARN_OBJC_IMPLICIT_RETAIN_SELF = YES;
				CLANG_WARN_OBJC_LITERAL_CONVERSION = YES;
				CLANG_WARN_OBJC_ROOT_CLASS = YES_ERROR;
				CLANG_WARN_QUOTED_INCLUDE_IN_FRAMEWORK_HEADER = YES;
				CLANG_WARN_RANGE_LOOP_ANALYSIS = YES;
				CLANG_WARN_STRICT_PROTOTYPES = YES;
				CLANG_WARN_SUSPICIOUS_MOVE = YES;
				CLANG_WARN_UNGUARDED_AVAILABILITY = YES_AGGRESSIVE;
				CLANG_WARN_UNREACHABLE_CODE = YES;
				CLANG_WARN__DUPLICATE_METHOD_MATCH = YES;
				COPY_PHASE_STRIP = NO;
				DEBUG_INFORMATION_FORMAT = dwarf;
				ENABLE_STRICT_OBJC_MSGSEND = YES;
				ENABLE_TESTABILITY = YES;
				GCC_C_LANGUAGE_STANDARD = gnu11;
				GCC_DYNAMIC_NO_PIC = NO;
				GCC_NO_COMMON_BLOCKS = YES;
				GCC_OPTIMIZATION_LEVEL = 0;
				GCC_PREPROCESSOR_DEFINITIONS = (
					"DEBUG=1",
					"$(inherited)",
				);
				GCC_WARN_64_TO_32_BIT_CONVERSION = YES;
				GCC_WARN_ABOUT_RETURN_TYPE = YES_ERROR;
				GCC_WARN_UNDECLARED_SELECTOR = YES;
				GCC_WARN_UNINITIALIZED_AUTOS = YES_AGGRESSIVE;
				GCC_WARN_UNUSED_FUNCTION = YES;
				GCC_WARN_UNUSED_VARIABLE = YES;
				MTL_ENABLE_DEBUG_INFO = INCLUDE_SOURCE;
				MTL_FAST_MATH = YES;
				ONLY_ACTIVE_ARCH = YES;
				SWIFT_ACTIVE_COMPILATION_CONDITIONS = DEBUG;
				SWIFT_OPTIMIZATION_LEVEL = "-Onone";
			};
			name = Debug;
		};
		FA6C607729DF775B003D846B /* Release */ = {
			isa = XCBuildConfiguration;
			buildSettings = {
				ALWAYS_SEARCH_USER_PATHS = NO;
				CLANG_ANALYZER_NONNULL = YES;
				CLANG_ANALYZER_NUMBER_OBJECT_CONVERSION = YES_AGGRESSIVE;
				CLANG_CXX_LANGUAGE_STANDARD = "gnu++20";
				CLANG_ENABLE_MODULES = YES;
				CLANG_ENABLE_OBJC_ARC = YES;
				CLANG_ENABLE_OBJC_WEAK = YES;
				CLANG_WARN_BLOCK_CAPTURE_AUTORELEASING = YES;
				CLANG_WARN_BOOL_CONVERSION = YES;
				CLANG_WARN_COMMA = YES;
				CLANG_WARN_CONSTANT_CONVERSION = YES;
				CLANG_WARN_DEPRECATED_OBJC_IMPLEMENTATIONS = YES;
				CLANG_WARN_DIRECT_OBJC_ISA_USAGE = YES_ERROR;
				CLANG_WARN_DOCUMENTATION_COMMENTS = YES;
				CLANG_WARN_EMPTY_BODY = YES;
				CLANG_WARN_ENUM_CONVERSION = YES;
				CLANG_WARN_INFINITE_RECURSION = YES;
				CLANG_WARN_INT_CONVERSION = YES;
				CLANG_WARN_NON_LITERAL_NULL_CONVERSION = YES;
				CLANG_WARN_OBJC_IMPLICIT_RETAIN_SELF = YES;
				CLANG_WARN_OBJC_LITERAL_CONVERSION = YES;
				CLANG_WARN_OBJC_ROOT_CLASS = YES_ERROR;
				CLANG_WARN_QUOTED_INCLUDE_IN_FRAMEWORK_HEADER = YES;
				CLANG_WARN_RANGE_LOOP_ANALYSIS = YES;
				CLANG_WARN_STRICT_PROTOTYPES = YES;
				CLANG_WARN_SUSPICIOUS_MOVE = YES;
				CLANG_WARN_UNGUARDED_AVAILABILITY = YES_AGGRESSIVE;
				CLANG_WARN_UNREACHABLE_CODE = YES;
				CLANG_WARN__DUPLICATE_METHOD_MATCH = YES;
				COPY_PHASE_STRIP = NO;
				DEBUG_INFORMATION_FORMAT = "dwarf-with-dsym";
				ENABLE_NS_ASSERTIONS = NO;
				ENABLE_STRICT_OBJC_MSGSEND = YES;
				GCC_C_LANGUAGE_STANDARD = gnu11;
				GCC_NO_COMMON_BLOCKS = YES;
				GCC_WARN_64_TO_32_BIT_CONVERSION = YES;
				GCC_WARN_ABOUT_RETURN_TYPE = YES_ERROR;
				GCC_WARN_UNDECLARED_SELECTOR = YES;
				GCC_WARN_UNINITIALIZED_AUTOS = YES_AGGRESSIVE;
				GCC_WARN_UNUSED_FUNCTION = YES;
				GCC_WARN_UNUSED_VARIABLE = YES;
				MTL_ENABLE_DEBUG_INFO = NO;
				MTL_FAST_MATH = YES;
				SWIFT_COMPILATION_MODE = wholemodule;
				SWIFT_OPTIMIZATION_LEVEL = "-O";
			};
			name = Release;
		};
		FA6C607929DF775B003D846B /* Debug */ = {
			isa = XCBuildConfiguration;
			buildSettings = {
				ASSETCATALOG_COMPILER_APPICON_NAME = AppIcon;
				ASSETCATALOG_COMPILER_GLOBAL_ACCENT_COLOR_NAME = AccentColor;
				CODE_SIGN_ENTITLEMENTS = ExpenseTracker/ExpenseTracker.entitlements;
				CODE_SIGN_STYLE = Automatic;
				CURRENT_PROJECT_VERSION = 1;
				DEVELOPMENT_ASSET_PATHS = "\"ExpenseTracker/Preview Content\"";
				DEVELOPMENT_TEAM = 3ZL8Z3WJY2;
				ENABLE_PREVIEWS = YES;
				GENERATE_INFOPLIST_FILE = YES;
				"INFOPLIST_KEY_UIApplicationSceneManifest_Generation[sdk=iphoneos*]" = YES;
				"INFOPLIST_KEY_UIApplicationSceneManifest_Generation[sdk=iphonesimulator*]" = YES;
				"INFOPLIST_KEY_UIApplicationSupportsIndirectInputEvents[sdk=iphoneos*]" = YES;
				"INFOPLIST_KEY_UIApplicationSupportsIndirectInputEvents[sdk=iphonesimulator*]" = YES;
				"INFOPLIST_KEY_UILaunchScreen_Generation[sdk=iphoneos*]" = YES;
				"INFOPLIST_KEY_UILaunchScreen_Generation[sdk=iphonesimulator*]" = YES;
				"INFOPLIST_KEY_UIStatusBarStyle[sdk=iphoneos*]" = UIStatusBarStyleDefault;
				"INFOPLIST_KEY_UIStatusBarStyle[sdk=iphonesimulator*]" = UIStatusBarStyleDefault;
				INFOPLIST_KEY_UISupportedInterfaceOrientations_iPad = "UIInterfaceOrientationPortrait UIInterfaceOrientationPortraitUpsideDown UIInterfaceOrientationLandscapeLeft UIInterfaceOrientationLandscapeRight";
				INFOPLIST_KEY_UISupportedInterfaceOrientations_iPhone = "UIInterfaceOrientationPortrait UIInterfaceOrientationLandscapeLeft UIInterfaceOrientationLandscapeRight";
				IPHONEOS_DEPLOYMENT_TARGET = 16.4;
				LD_RUNPATH_SEARCH_PATHS = "@executable_path/Frameworks";
				"LD_RUNPATH_SEARCH_PATHS[sdk=macosx*]" = "@executable_path/../Frameworks";
				MACOSX_DEPLOYMENT_TARGET = 13.3;
				MARKETING_VERSION = 1.0;
				PRODUCT_BUNDLE_IDENTIFIER = codes.naomilee.ExpenseTracker;
				PRODUCT_NAME = "$(TARGET_NAME)";
				SDKROOT = auto;
				SUPPORTED_PLATFORMS = "iphoneos iphonesimulator macosx";
				SWIFT_EMIT_LOC_STRINGS = YES;
				SWIFT_VERSION = 5.0;
				TARGETED_DEVICE_FAMILY = "1,2";
			};
			name = Debug;
		};
		FA6C607A29DF775B003D846B /* Release */ = {
			isa = XCBuildConfiguration;
			buildSettings = {
				ASSETCATALOG_COMPILER_APPICON_NAME = AppIcon;
				ASSETCATALOG_COMPILER_GLOBAL_ACCENT_COLOR_NAME = AccentColor;
				CODE_SIGN_ENTITLEMENTS = ExpenseTracker/ExpenseTracker.entitlements;
				CODE_SIGN_STYLE = Automatic;
				CURRENT_PROJECT_VERSION = 1;
				DEVELOPMENT_ASSET_PATHS = "\"ExpenseTracker/Preview Content\"";
				DEVELOPMENT_TEAM = 3ZL8Z3WJY2;
				ENABLE_PREVIEWS = YES;
				GENERATE_INFOPLIST_FILE = YES;
				"INFOPLIST_KEY_UIApplicationSceneManifest_Generation[sdk=iphoneos*]" = YES;
				"INFOPLIST_KEY_UIApplicationSceneManifest_Generation[sdk=iphonesimulator*]" = YES;
				"INFOPLIST_KEY_UIApplicationSupportsIndirectInputEvents[sdk=iphoneos*]" = YES;
				"INFOPLIST_KEY_UIApplicationSupportsIndirectInputEvents[sdk=iphonesimulator*]" = YES;
				"INFOPLIST_KEY_UILaunchScreen_Generation[sdk=iphoneos*]" = YES;
				"INFOPLIST_KEY_UILaunchScreen_Generation[sdk=iphonesimulator*]" = YES;
				"INFOPLIST_KEY_UIStatusBarStyle[sdk=iphoneos*]" = UIStatusBarStyleDefault;
				"INFOPLIST_KEY_UIStatusBarStyle[sdk=iphonesimulator*]" = UIStatusBarStyleDefault;
				INFOPLIST_KEY_UISupportedInterfaceOrientations_iPad = "UIInterfaceOrientationPortrait UIInterfaceOrientationPortraitUpsideDown UIInterfaceOrientationLandscapeLeft UIInterfaceOrientationLandscapeRight";
				INFOPLIST_KEY_UISupportedInterfaceOrientations_iPhone = "UIInterfaceOrientationPortrait UIInterfaceOrientationLandscapeLeft UIInterfaceOrientationLandscapeRight";
				IPHONEOS_DEPLOYMENT_TARGET = 16.4;
				LD_RUNPATH_SEARCH_PATHS = "@executable_path/Frameworks";
				"LD_RUNPATH_SEARCH_PATHS[sdk=macosx*]" = "@executable_path/../Frameworks";
				MACOSX_DEPLOYMENT_TARGET = 13.3;
				MARKETING_VERSION = 1.0;
				PRODUCT_BUNDLE_IDENTIFIER = codes.naomilee.ExpenseTracker;
				PRODUCT_NAME = "$(TARGET_NAME)";
				SDKROOT = auto;
				SUPPORTED_PLATFORMS = "iphoneos iphonesimulator macosx";
				SWIFT_EMIT_LOC_STRINGS = YES;
				SWIFT_VERSION = 5.0;
				TARGETED_DEVICE_FAMILY = "1,2";
			};
			name = Release;
		};
/* End XCBuildConfiguration section */

/* Begin XCConfigurationList section */
		FA6C606429DF7759003D846B /* Build configuration list for PBXProject "ExpenseTracker" */ = {
			isa = XCConfigurationList;
			buildConfigurations = (
				FA6C607629DF775B003D846B /* Debug */,
				FA6C607729DF775B003D846B /* Release */,
			);
			defaultConfigurationIsVisible = 0;
			defaultConfigurationName = Release;
		};
		FA6C607829DF775B003D846B /* Build configuration list for PBXNativeTarget "ExpenseTracker" */ = {
			isa = XCConfigurationList;
			buildConfigurations = (
				FA6C607929DF775B003D846B /* Debug */,
				FA6C607A29DF775B003D846B /* Release */,
			);
			defaultConfigurationIsVisible = 0;
			defaultConfigurationName = Release;
		};
/* End XCConfigurationList section */

/* Begin XCRemoteSwiftPackageReference section */
		FA6C608529E099B7003D846B /* XCRemoteSwiftPackageReference "SwiftUIFontIcon" */ = {
			isa = XCRemoteSwiftPackageReference;
			repositoryURL = "https://github.com/huybuidac/SwiftUIFontIcon";
			requirement = {
				branch = master;
				kind = branch;
			};
		};
		FAF88CC129E1BB5B004597D4 /* XCRemoteSwiftPackageReference "swift-collections" */ = {
			isa = XCRemoteSwiftPackageReference;
			repositoryURL = "https://github.com/apple/swift-collections.git";
			requirement = {
				kind = upToNextMajorVersion;
				minimumVersion = 1.0.4;
			};
		};
		FAF88CC429E1BDA8004597D4 /* XCRemoteSwiftPackageReference "ChartView" */ = {
			isa = XCRemoteSwiftPackageReference;
			repositoryURL = "https://github.com/AppPear/ChartView";
			requirement = {
				kind = exactVersion;
				version = "2.0.0-beta.2";
			};
		};
/* End XCRemoteSwiftPackageReference section */

/* Begin XCSwiftPackageProductDependency section */
		FA6C608629E099B7003D846B /* SwiftUIFontIcon */ = {
			isa = XCSwiftPackageProductDependency;
			package = FA6C608529E099B7003D846B /* XCRemoteSwiftPackageReference "SwiftUIFontIcon" */;
			productName = SwiftUIFontIcon;
		};
		FAF88CC229E1BB5B004597D4 /* Collections */ = {
			isa = XCSwiftPackageProductDependency;
			package = FAF88CC129E1BB5B004597D4 /* XCRemoteSwiftPackageReference "swift-collections" */;
			productName = Collections;
		};
		FAF88CC529E1BDA8004597D4 /* SwiftUICharts */ = {
			isa = XCSwiftPackageProductDependency;
			package = FAF88CC429E1BDA8004597D4 /* XCRemoteSwiftPackageReference "ChartView" */;
			productName = SwiftUICharts;
		};
/* End XCSwiftPackageProductDependency section */
	};
	rootObject = FA6C606129DF7759003D846B /* Project object */;
}
